Microsoft Visual Studio Solution File, Format Version 12.00
# Visual Studio Version 17
VisualStudioVersion = 17.0.31903.59
MinimumVisualStudioVersion = 10.0.40219.1
Project("{9A19103F-16F7-4668-BE54-9A1E7A4F7556}") = "Cosmos.BulkOperation.CLI", "Cosmos.BulkOperation.CLI\Cosmos.BulkOperation.CLI.csproj", "{E47349C7-E31F-4B62-BD3E-9DD8128E0619}"
EndProject
Global
	GlobalSection(SolutionConfigurationPlatforms) = preSolution
		Debug|x64 = Debug|x64
		Release|x64 = Release|x64
	EndGlobalSection
	GlobalSection(ProjectConfigurationPlatforms) = postSolution
		{E47349C7-E31F-4B62-BD3E-9DD8128E0619}.Debug|x64.ActiveCfg = Debug|x64
		{E47349C7-E31F-4B62-BD3E-9DD8128E0619}.Debug|x64.Build.0 = Debug|x64
		{E47349C7-E31F-4B62-BD3E-9DD8128E0619}.Release|x64.ActiveCfg = Release|x64
		{E47349C7-E31F-4B62-BD3E-9DD8128E0619}.Release|x64.Build.0 = Release|x64
	EndGlobalSection
	GlobalSection(SolutionProperties) = preSolution
		HideSolutionNode = FALSE
	EndGlobalSection
	GlobalSection(ExtensibilityGlobals) = postSolution
		SolutionGuid = {460F400B-31E4-4996-8506-7270D3B09D10}
	EndGlobalSection
EndGlobal
